// !$*UTF8*$!
{
	archiveVersion = 1;
	classes = {
	};
	objectVersion = 50;
	objects = {

/* Begin PBXBuildFile section */
		9C85B87224BB036100EC2BDD /* main.swift in Sources */ = {isa = PBXBuildFile; fileRef = 9C85B87124BB036100EC2BDD /* main.swift */; };
		9C9CB8D724BB0B2C00E50396 /* Runnable.swift in Sources */ = {isa = PBXBuildFile; fileRef = 9C9CB8D624BB0B2C00E50396 /* Runnable.swift */; };
		9C9CB8EE24BB144B00E50396 /* 키패드_누르기.swift in Sources */ = {isa = PBXBuildFile; fileRef = 9C9CB8EB24BB144B00E50396 /* 키패드_누르기.swift */; };
		9C9CB8F224BB146400E50396 /* 크레인_인형뽑기_게임.swift in Sources */ = {isa = PBXBuildFile; fileRef = 9C9CB8F124BB146400E50396 /* 크레인_인형뽑기_게임.swift */; };
		9C9CB8F424BB148300E50396 /* 실패율.swift in Sources */ = {isa = PBXBuildFile; fileRef = 9C9CB8F324BB148300E50396 /* 실패율.swift */; };
		9C9CB8F624BB199900E50396 /* 다트_게임.swift in Sources */ = {isa = PBXBuildFile; fileRef = 9C9CB8F524BB199900E50396 /* 다트_게임.swift */; };
		9C9CB8F824BBEDB300E50396 /* 비밀지도.swift in Sources */ = {isa = PBXBuildFile; fileRef = 9C9CB8F724BBEDB300E50396 /* 비밀지도.swift */; };
		9C9CB8FA24BBFC7B00E50396 /* 튜플.swift in Sources */ = {isa = PBXBuildFile; fileRef = 9C9CB8F924BBFC7B00E50396 /* 튜플.swift */; };
/* End PBXBuildFile section */

/* Begin PBXCopyFilesBuildPhase section */
		9C85B86C24BB036100EC2BDD /* CopyFiles */ = {
			isa = PBXCopyFilesBuildPhase;
			buildActionMask = 2147483647;
			dstPath = /usr/share/man/man1/;
			dstSubfolderSpec = 0;
			files = (
			);
			runOnlyForDeploymentPostprocessing = 1;
		};
/* End PBXCopyFilesBuildPhase section */

/* Begin PBXFileReference section */
		9C85B86E24BB036100EC2BDD /* Algorithm */ = {isa = PBXFileReference; explicitFileType = "compiled.mach-o.executable"; includeInIndex = 0; path = Algorithm; sourceTree = BUILT_PRODUCTS_DIR; };
		9C85B87124BB036100EC2BDD /* main.swift */ = {isa = PBXFileReference; lastKnownFileType = sourcecode.swift; path = main.swift; sourceTree = "<group>"; };
		9C9CB8D624BB0B2C00E50396 /* Runnable.swift */ = {isa = PBXFileReference; fileEncoding = 4; lastKnownFileType = sourcecode.swift; path = Runnable.swift; sourceTree = "<group>"; };
		9C9CB8EB24BB144B00E50396 /* 키패드_누르기.swift */ = {isa = PBXFileReference; fileEncoding = 4; lastKnownFileType = sourcecode.swift; path = "키패드_누르기.swift"; sourceTree = "<group>"; };
		9C9CB8F124BB146400E50396 /* 크레인_인형뽑기_게임.swift */ = {isa = PBXFileReference; fileEncoding = 4; lastKnownFileType = sourcecode.swift; path = "크레인_인형뽑기_게임.swift"; sourceTree = "<group>"; };
		9C9CB8F324BB148300E50396 /* 실패율.swift */ = {isa = PBXFileReference; fileEncoding = 4; lastKnownFileType = sourcecode.swift; path = "실패율.swift"; sourceTree = "<group>"; };
		9C9CB8F524BB199900E50396 /* 다트_게임.swift */ = {isa = PBXFileReference; lastKnownFileType = sourcecode.swift; path = "다트_게임.swift"; sourceTree = "<group>"; };
		9C9CB8F724BBEDB300E50396 /* 비밀지도.swift */ = {isa = PBXFileReference; lastKnownFileType = sourcecode.swift; path = "비밀지도.swift"; sourceTree = "<group>"; };
		9C9CB8F924BBFC7B00E50396 /* 튜플.swift */ = {isa = PBXFileReference; lastKnownFileType = sourcecode.swift; name = "튜플.swift"; path = "../Level1/튜플.swift"; sourceTree = "<group>"; };
/* End PBXFileReference section */

/* Begin PBXFrameworksBuildPhase section */
		9C85B86B24BB036100EC2BDD /* Frameworks */ = {
			isa = PBXFrameworksBuildPhase;
			buildActionMask = 2147483647;
			files = (
			);
			runOnlyForDeploymentPostprocessing = 0;
		};
/* End PBXFrameworksBuildPhase section */

/* Begin PBXGroup section */
		9C85B86524BB036100EC2BDD = {
			isa = PBXGroup;
			children = (
				9C85B87024BB036100EC2BDD /* Algorithm */,
				9C85B86F24BB036100EC2BDD /* Products */,
			);
			sourceTree = "<group>";
		};
		9C85B86F24BB036100EC2BDD /* Products */ = {
			isa = PBXGroup;
			children = (
				9C85B86E24BB036100EC2BDD /* Algorithm */,
			);
			name = Products;
			sourceTree = "<group>";
		};
		9C85B87024BB036100EC2BDD /* Algorithm */ = {
			isa = PBXGroup;
			children = (
				9C85B87124BB036100EC2BDD /* main.swift */,
				9C9CB8D624BB0B2C00E50396 /* Runnable.swift */,
				9C9CB8EA24BB144B00E50396 /* Level1 */,
				9C9CB8FB24BC3EAE00E50396 /* Level2 */,
			);
			path = Algorithm;
			sourceTree = "<group>";
		};
		9C9CB8EA24BB144B00E50396 /* Level1 */ = {
			isa = PBXGroup;
			children = (
				9C9CB8EB24BB144B00E50396 /* 키패드_누르기.swift */,
				9C9CB8F124BB146400E50396 /* 크레인_인형뽑기_게임.swift */,
				9C9CB8F324BB148300E50396 /* 실패율.swift */,
				9C9CB8F524BB199900E50396 /* 다트_게임.swift */,
				9C9CB8F724BBEDB300E50396 /* 비밀지도.swift */,
			);
			path = Level1;
			sourceTree = "<group>";
		};
		9C9CB8FB24BC3EAE00E50396 /* Level2 */ = {
			isa = PBXGroup;
			children = (
				9C9CB8F924BBFC7B00E50396 /* 튜플.swift */,
			);
			path = Level2;
			sourceTree = "<group>";
		};
/* End PBXGroup section */

/* Begin PBXNativeTarget section */
		9C85B86D24BB036100EC2BDD /* Algorithm */ = {
			isa = PBXNativeTarget;
			buildConfigurationList = 9C85B87524BB036100EC2BDD /* Build configuration list for PBXNativeTarget "Algorithm" */;
			buildPhases = (
				9C85B86A24BB036100EC2BDD /* Sources */,
				9C85B86B24BB036100EC2BDD /* Frameworks */,
				9C85B86C24BB036100EC2BDD /* CopyFiles */,
			);
			buildRules = (
			);
			dependencies = (
			);
			name = Algorithm;
			productName = Algorithm;
			productReference = 9C85B86E24BB036100EC2BDD /* Algorithm */;
			productType = "com.apple.product-type.tool";
		};
/* End PBXNativeTarget section */

/* Begin PBXProject section */
		9C85B86624BB036100EC2BDD /* Project object */ = {
			isa = PBXProject;
			attributes = {
				LastSwiftUpdateCheck = 1150;
				LastUpgradeCheck = 1150;
				ORGANIZATIONNAME = Soso;
				TargetAttributes = {
					9C85B86D24BB036100EC2BDD = {
						CreatedOnToolsVersion = 11.5;
					};
				};
			};
			buildConfigurationList = 9C85B86924BB036100EC2BDD /* Build configuration list for PBXProject "Algorithm" */;
			compatibilityVersion = "Xcode 9.3";
			developmentRegion = en;
			hasScannedForEncodings = 0;
			knownRegions = (
				en,
				Base,
			);
			mainGroup = 9C85B86524BB036100EC2BDD;
			productRefGroup = 9C85B86F24BB036100EC2BDD /* Products */;
			projectDirPath = "";
			projectRoot = "";
			targets = (
				9C85B86D24BB036100EC2BDD /* Algorithm */,
			);
		};
/* End PBXProject section */

/* Begin PBXSourcesBuildPhase section */
		9C85B86A24BB036100EC2BDD /* Sources */ = {
			isa = PBXSourcesBuildPhase;
			buildActionMask = 2147483647;
			files = (
				9C9CB8F824BBEDB300E50396 /* 비밀지도.swift in Sources */,
				9C9CB8F624BB199900E50396 /* 다트_게임.swift in Sources */,
				9C9CB8EE24BB144B00E50396 /* 키패드_누르기.swift in Sources */,
				9C9CB8FA24BBFC7B00E50396 /* 튜플.swift in Sources */,
				9C9CB8D724BB0B2C00E50396 /* Runnable.swift in Sources */,
				9C85B87224BB036100EC2BDD /* main.swift in Sources */,
				9C9CB8F224BB146400E50396 /* 크레인_인형뽑기_게임.swift in Sources */,
				9C9CB8F424BB148300E50396 /* 실패율.swift in Sources */,
			);
			runOnlyForDeploymentPostprocessing = 0;
		};
/* End PBXSourcesBuildPhase section */

/* Begin XCBuildConfiguration section */
		9C85B87324BB036100EC2BDD /* Debug */ = {
			isa = XCBuildConfiguration;
			buildSettings = {
				ALWAYS_SEARCH_USER_PATHS = NO;
				CLANG_ANALYZER_NONNULL = YES;
				CLANG_ANALYZER_NUMBER_OBJECT_CONVERSION = YES_AGGRESSIVE;
				CLANG_CXX_LANGUAGE_STANDARD = "gnu++14";
				CLANG_CXX_LIBRARY = "libc++";
				CLANG_ENABLE_MODULES = YES;
				CLANG_ENABLE_OBJC_ARC = YES;
				CLANG_ENABLE_OBJC_WEAK = YES;
				CLANG_WARN_BLOCK_CAPTURE_AUTORELEASING = YES;
				CLANG_WARN_BOOL_CONVERSION = YES;
				CLANG_WARN_COMMA = YES;
				CLANG_WARN_CONSTANT_CONVERSION = YES;
				CLANG_WARN_DEPRECATED_OBJC_IMPLEMENTATIONS = YES;
				CLANG_WARN_DIRECT_OBJC_ISA_USAGE = YES_ERROR;
				CLANG_WARN_DOCUMENTATION_COMMENTS = YES;
				CLANG_WARN_EMPTY_BODY = YES;
				CLANG_WARN_ENUM_CONVERSION = YES;
				CLANG_WARN_INFINITE_RECURSION = YES;
				CLANG_WARN_INT_CONVERSION = YES;
				CLANG_WARN_NON_LITERAL_NULL_CONVERSION = YES;
				CLANG_WARN_OBJC_IMPLICIT_RETAIN_SELF = YES;
				CLANG_WARN_OBJC_LITERAL_CONVERSION = YES;
				CLANG_WARN_OBJC_ROOT_CLASS = YES_ERROR;
				CLANG_WARN_RANGE_LOOP_ANALYSIS = YES;
				CLANG_WARN_STRICT_PROTOTYPES = YES;
				CLANG_WARN_SUSPICIOUS_MOVE = YES;
				CLANG_WARN_UNGUARDED_AVAILABILITY = YES_AGGRESSIVE;
				CLANG_WARN_UNREACHABLE_CODE = YES;
				CLANG_WARN__DUPLICATE_METHOD_MATCH = YES;
				COPY_PHASE_STRIP = NO;
				DEBUG_INFORMATION_FORMAT = dwarf;
				ENABLE_STRICT_OBJC_MSGSEND = YES;
				ENABLE_TESTABILITY = YES;
				GCC_C_LANGUAGE_STANDARD = gnu11;
				GCC_DYNAMIC_NO_PIC = NO;
				GCC_NO_COMMON_BLOCKS = YES;
				GCC_OPTIMIZATION_LEVEL = 0;
				GCC_PREPROCESSOR_DEFINITIONS = (
					"DEBUG=1",
					"$(inherited)",
				);
				GCC_WARN_64_TO_32_BIT_CONVERSION = YES;
				GCC_WARN_ABOUT_RETURN_TYPE = YES_ERROR;
				GCC_WARN_UNDECLARED_SELECTOR = YES;
				GCC_WARN_UNINITIALIZED_AUTOS = YES_AGGRESSIVE;
				GCC_WARN_UNUSED_FUNCTION = YES;
				GCC_WARN_UNUSED_VARIABLE = YES;
				MACOSX_DEPLOYMENT_TARGET = 10.15;
				MTL_ENABLE_DEBUG_INFO = INCLUDE_SOURCE;
				MTL_FAST_MATH = YES;
				ONLY_ACTIVE_ARCH = YES;
				SDKROOT = macosx;
				SWIFT_ACTIVE_COMPILATION_CONDITIONS = DEBUG;
				SWIFT_OPTIMIZATION_LEVEL = "-Onone";
			};
			name = Debug;
		};
		9C85B87424BB036100EC2BDD /* Release */ = {
			isa = XCBuildConfiguration;
			buildSettings = {
				ALWAYS_SEARCH_USER_PATHS = NO;
				CLANG_ANALYZER_NONNULL = YES;
				CLANG_ANALYZER_NUMBER_OBJECT_CONVERSION = YES_AGGRESSIVE;
				CLANG_CXX_LANGUAGE_STANDARD = "gnu++14";
				CLANG_CXX_LIBRARY = "libc++";
				CLANG_ENABLE_MODULES = YES;
				CLANG_ENABLE_OBJC_ARC = YES;
				CLANG_ENABLE_OBJC_WEAK = YES;
				CLANG_WARN_BLOCK_CAPTURE_AUTORELEASING = YES;
				CLANG_WARN_BOOL_CONVERSION = YES;
				CLANG_WARN_COMMA = YES;
				CLANG_WARN_CONSTANT_CONVERSION = YES;
				CLANG_WARN_DEPRECATED_OBJC_IMPLEMENTATIONS = YES;
				CLANG_WARN_DIRECT_OBJC_ISA_USAGE = YES_ERROR;
				CLANG_WARN_DOCUMENTATION_COMMENTS = YES;
				CLANG_WARN_EMPTY_BODY = YES;
				CLANG_WARN_ENUM_CONVERSION = YES;
				CLANG_WARN_INFINITE_RECURSION = YES;
				CLANG_WARN_INT_CONVERSION = YES;
				CLANG_WARN_NON_LITERAL_NULL_CONVERSION = YES;
				CLANG_WARN_OBJC_IMPLICIT_RETAIN_SELF = YES;
				CLANG_WARN_OBJC_LITERAL_CONVERSION = YES;
				CLANG_WARN_OBJC_ROOT_CLASS = YES_ERROR;
				CLANG_WARN_RANGE_LOOP_ANALYSIS = YES;
				CLANG_WARN_STRICT_PROTOTYPES = YES;
				CLANG_WARN_SUSPICIOUS_MOVE = YES;
				CLANG_WARN_UNGUARDED_AVAILABILITY = YES_AGGRESSIVE;
				CLANG_WARN_UNREACHABLE_CODE = YES;
				CLANG_WARN__DUPLICATE_METHOD_MATCH = YES;
				COPY_PHASE_STRIP = NO;
				DEBUG_INFORMATION_FORMAT = "dwarf-with-dsym";
				ENABLE_NS_ASSERTIONS = NO;
				ENABLE_STRICT_OBJC_MSGSEND = YES;
				GCC_C_LANGUAGE_STANDARD = gnu11;
				GCC_NO_COMMON_BLOCKS = YES;
				GCC_WARN_64_TO_32_BIT_CONVERSION = YES;
				GCC_WARN_ABOUT_RETURN_TYPE = YES_ERROR;
				GCC_WARN_UNDECLARED_SELECTOR = YES;
				GCC_WARN_UNINITIALIZED_AUTOS = YES_AGGRESSIVE;
				GCC_WARN_UNUSED_FUNCTION = YES;
				GCC_WARN_UNUSED_VARIABLE = YES;
				MACOSX_DEPLOYMENT_TARGET = 10.15;
				MTL_ENABLE_DEBUG_INFO = NO;
				MTL_FAST_MATH = YES;
				SDKROOT = macosx;
				SWIFT_COMPILATION_MODE = wholemodule;
				SWIFT_OPTIMIZATION_LEVEL = "-O";
			};
			name = Release;
		};
		9C85B87624BB036100EC2BDD /* Debug */ = {
			isa = XCBuildConfiguration;
			buildSettings = {
				CODE_SIGN_STYLE = Automatic;
				DEVELOPMENT_TEAM = PA8R36ZNU9;
				ENABLE_HARDENED_RUNTIME = YES;
				PRODUCT_NAME = "$(TARGET_NAME)";
				SWIFT_VERSION = 5.0;
			};
			name = Debug;
		};
		9C85B87724BB036100EC2BDD /* Release */ = {
			isa = XCBuildConfiguration;
			buildSettings = {
				CODE_SIGN_STYLE = Automatic;
				DEVELOPMENT_TEAM = PA8R36ZNU9;
				ENABLE_HARDENED_RUNTIME = YES;
				PRODUCT_NAME = "$(TARGET_NAME)";
				SWIFT_VERSION = 5.0;
			};
			name = Release;
		};
/* End XCBuildConfiguration section */

/* Begin XCConfigurationList section */
		9C85B86924BB036100EC2BDD /* Build configuration list for PBXProject "Algorithm" */ = {
			isa = XCConfigurationList;
			buildConfigurations = (
				9C85B87324BB036100EC2BDD /* Debug */,
				9C85B87424BB036100EC2BDD /* Release */,
			);
			defaultConfigurationIsVisible = 0;
			defaultConfigurationName = Release;
		};
		9C85B87524BB036100EC2BDD /* Build configuration list for PBXNativeTarget "Algorithm" */ = {
			isa = XCConfigurationList;
			buildConfigurations = (
				9C85B87624BB036100EC2BDD /* Debug */,
				9C85B87724BB036100EC2BDD /* Release */,
			);
			defaultConfigurationIsVisible = 0;
			defaultConfigurationName = Release;
		};
/* End XCConfigurationList section */
	};
	rootObject = 9C85B86624BB036100EC2BDD /* Project object */;
}
